
Microsoft Visual Studio Solution File, Format Version 12.00
# Visual Studio 2013
VisualStudioVersion = 12.0.31101.0
MinimumVisualStudioVersion = 10.0.40219.1
Project("{FAE04EC0-301F-11D3-BF4B-00C04F79EFBC}") = "NCode.Scanners", "NCode.Scanners\NCode.Scanners.csproj", "{95C2F0BE-D661-4662-8037-BC02C4A3E70A}"
EndProject
Project("{2150E333-8FDC-42A3-9474-1A3956D46DE8}") = ".nuget", ".nuget", "{3E5B2C86-B5D6-4A90-B879-725D0FD40313}"
	ProjectSection(SolutionItems) = preProject
		.nuget\NuGet.config = .nuget\NuGet.config
		.nuget\packages.config = .nuget\packages.config
	EndProjectSection
EndProject
Project("{FAE04EC0-301F-11D3-BF4B-00C04F79EFBC}") = "NCode.Scanners.Test", "NCode.Scanners.Test\NCode.Scanners.Test.csproj", "{D220A56D-7F15-4BF0-8571-5E846539CA75}"
EndProject
Global
	GlobalSection(SolutionConfigurationPlatforms) = preSolution
		Debug|Any CPU = Debug|Any CPU
		Release|Any CPU = Release|Any CPU
	EndGlobalSection
	GlobalSection(ProjectConfigurationPlatforms) = postSolution
		{95C2F0BE-D661-4662-8037-BC02C4A3E70A}.Debug|Any CPU.ActiveCfg = Debug|Any CPU
		{95C2F0BE-D661-4662-8037-BC02C4A3E70A}.Debug|Any CPU.Build.0 = Debug|Any CPU
		{95C2F0BE-D661-4662-8037-BC02C4A3E70A}.Release|Any CPU.ActiveCfg = Release|Any CPU
		{95C2F0BE-D661-4662-8037-BC02C4A3E70A}.Release|Any CPU.Build.0 = Release|Any CPU
		{D220A56D-7F15-4BF0-8571-5E846539CA75}.Debug|Any CPU.ActiveCfg = Debug|Any CPU
		{D220A56D-7F15-4BF0-8571-5E846539CA75}.Debug|Any CPU.Build.0 = Debug|Any CPU
		{D220A56D-7F15-4BF0-8571-5E846539CA75}.Release|Any CPU.ActiveCfg = Release|Any CPU
		{D220A56D-7F15-4BF0-8571-5E846539CA75}.Release|Any CPU.Build.0 = Release|Any CPU
	EndGlobalSection
	GlobalSection(SolutionProperties) = preSolution
		HideSolutionNode = FALSE
	EndGlobalSection
EndGlobal
